
Microsoft Visual Studio Solution File, Format Version 12.00
# Visual Studio Version 17
VisualStudioVersion = 17.14.36203.30 d17.14
MinimumVisualStudioVersion = 10.0.40219.1
Project("{FAE04EC0-301F-11D3-BF4B-00C04F79EFBC}") = "ImGui Base", "ImGui Base\ImGui Base.csproj", "{065224FA-5626-41D7-9FF1-507A89C8B6FD}"
EndProject
Global
	GlobalSection(SolutionConfigurationPlatforms) = preSolution
		Debug|Any CPU = Debug|Any CPU
		Release|Any CPU = Release|Any CPU
	EndGlobalSection
	GlobalSection(ProjectConfigurationPlatforms) = postSolution
		{065224FA-5626-41D7-9FF1-507A89C8B6FD}.Debug|Any CPU.ActiveCfg = Debug|Any CPU
		{065224FA-5626-41D7-9FF1-507A89C8B6FD}.Debug|Any CPU.Build.0 = Debug|Any CPU
		{065224FA-5626-41D7-9FF1-507A89C8B6FD}.Release|Any CPU.ActiveCfg = Release|Any CPU
		{065224FA-5626-41D7-9FF1-507A89C8B6FD}.Release|Any CPU.Build.0 = Release|Any CPU
	EndGlobalSection
	GlobalSection(SolutionProperties) = preSolution
		HideSolutionNode = FALSE
	EndGlobalSection
	GlobalSection(ExtensibilityGlobals) = postSolution
		SolutionGuid = {8AC0DBBB-C4DF-47DF-89CA-55BD269F6D0A}
	EndGlobalSection
EndGlobal
